
Microsoft Visual Studio Solution File, Format Version 12.00
# Visual Studio Version 16
VisualStudioVersion = 16.0.30104.148
MinimumVisualStudioVersion = 10.0.40219.1
Project("{FAE04EC0-301F-11D3-BF4B-00C04F79EFBC}") = "IOnieRekrutacja", "IOnieRekrutacja\IOnieRekrutacja.csproj", "{66B430E9-0FC3-4708-A6C5-5D2250219409}"
EndProject
Project("{FAE04EC0-301F-11D3-BF4B-00C04F79EFBC}") = "Services", "Services\Services.csproj", "{02653D56-66FB-4CD3-962F-47559E6C8292}"
EndProject
Project("{FAE04EC0-301F-11D3-BF4B-00C04F79EFBC}") = "Repositories", "Repositories\Repositories.csproj", "{179EFB72-5A5D-49F9-83ED-0D947BE52CF6}"
EndProject
Project("{FAE04EC0-301F-11D3-BF4B-00C04F79EFBC}") = "Tests", "Tests\Tests.csproj", "{C14485EA-14C3-405F-AFA2-751DB1402D22}"
EndProject
Project("{FAE04EC0-301F-11D3-BF4B-00C04F79EFBC}") = "Logic", "Logic\Logic.csproj", "{E1E0DC22-1EFC-4703-B9E1-3F7641EBF05B}"
EndProject
Global
	GlobalSection(SolutionConfigurationPlatforms) = preSolution
		Debug|Any CPU = Debug|Any CPU
		Release|Any CPU = Release|Any CPU
	EndGlobalSection
	GlobalSection(ProjectConfigurationPlatforms) = postSolution
		{66B430E9-0FC3-4708-A6C5-5D2250219409}.Debug|Any CPU.ActiveCfg = Debug|Any CPU
		{66B430E9-0FC3-4708-A6C5-5D2250219409}.Debug|Any CPU.Build.0 = Debug|Any CPU
		{66B430E9-0FC3-4708-A6C5-5D2250219409}.Release|Any CPU.ActiveCfg = Release|Any CPU
		{66B430E9-0FC3-4708-A6C5-5D2250219409}.Release|Any CPU.Build.0 = Release|Any CPU
		{02653D56-66FB-4CD3-962F-47559E6C8292}.Debug|Any CPU.ActiveCfg = Debug|Any CPU
		{02653D56-66FB-4CD3-962F-47559E6C8292}.Debug|Any CPU.Build.0 = Debug|Any CPU
		{02653D56-66FB-4CD3-962F-47559E6C8292}.Release|Any CPU.ActiveCfg = Release|Any CPU
		{02653D56-66FB-4CD3-962F-47559E6C8292}.Release|Any CPU.Build.0 = Release|Any CPU
		{179EFB72-5A5D-49F9-83ED-0D947BE52CF6}.Debug|Any CPU.ActiveCfg = Debug|Any CPU
		{179EFB72-5A5D-49F9-83ED-0D947BE52CF6}.Debug|Any CPU.Build.0 = Debug|Any CPU
		{179EFB72-5A5D-49F9-83ED-0D947BE52CF6}.Release|Any CPU.ActiveCfg = Release|Any CPU
		{179EFB72-5A5D-49F9-83ED-0D947BE52CF6}.Release|Any CPU.Build.0 = Release|Any CPU
		{C14485EA-14C3-405F-AFA2-751DB1402D22}.Debug|Any CPU.ActiveCfg = Debug|Any CPU
		{C14485EA-14C3-405F-AFA2-751DB1402D22}.Debug|Any CPU.Build.0 = Debug|Any CPU
		{C14485EA-14C3-405F-AFA2-751DB1402D22}.Release|Any CPU.ActiveCfg = Release|Any CPU
		{C14485EA-14C3-405F-AFA2-751DB1402D22}.Release|Any CPU.Build.0 = Release|Any CPU
		{E1E0DC22-1EFC-4703-B9E1-3F7641EBF05B}.Debug|Any CPU.ActiveCfg = Debug|Any CPU
		{E1E0DC22-1EFC-4703-B9E1-3F7641EBF05B}.Debug|Any CPU.Build.0 = Debug|Any CPU
		{E1E0DC22-1EFC-4703-B9E1-3F7641EBF05B}.Release|Any CPU.ActiveCfg = Release|Any CPU
		{E1E0DC22-1EFC-4703-B9E1-3F7641EBF05B}.Release|Any CPU.Build.0 = Release|Any CPU
	EndGlobalSection
	GlobalSection(SolutionProperties) = preSolution
		HideSolutionNode = FALSE
	EndGlobalSection
	GlobalSection(ExtensibilityGlobals) = postSolution
		SolutionGuid = {DCB2A832-93C5-45D0-AE1F-2FD9613E365B}
	EndGlobalSection
EndGlobal
